// !$*UTF8*$!
{
	archiveVersion = 1;
	classes = {
	};
	objectVersion = 46;
	objects = {

/* Begin PBXBuildFile section */
		FE44BEE41C71B69000EDBF27 /* AppDelegate.swift in Sources */ = {isa = PBXBuildFile; fileRef = FE44BEE31C71B69000EDBF27 /* AppDelegate.swift */; };
		FE44BEE61C71B69000EDBF27 /* ViewController.swift in Sources */ = {isa = PBXBuildFile; fileRef = FE44BEE51C71B69000EDBF27 /* ViewController.swift */; };
		FE44BEE91C71B69000EDBF27 /* Main.storyboard in Resources */ = {isa = PBXBuildFile; fileRef = FE44BEE71C71B69000EDBF27 /* Main.storyboard */; };
		FE44BEEB1C71B69000EDBF27 /* Assets.xcassets in Resources */ = {isa = PBXBuildFile; fileRef = FE44BEEA1C71B69000EDBF27 /* Assets.xcassets */; };
		FE44BEEE1C71B69000EDBF27 /* LaunchScreen.storyboard in Resources */ = {isa = PBXBuildFile; fileRef = FE44BEEC1C71B69000EDBF27 /* LaunchScreen.storyboard */; };
		FE44BEF81C71B85700EDBF27 /* emoticon85.png in Resources */ = {isa = PBXBuildFile; fileRef = FE44BEF51C71B85700EDBF27 /* emoticon85.png */; };
		FE44BEF91C71B85700EDBF27 /* sad39.png in Resources */ = {isa = PBXBuildFile; fileRef = FE44BEF61C71B85700EDBF27 /* sad39.png */; };
		FE44BEFA1C71B85700EDBF27 /* smiling36.png in Resources */ = {isa = PBXBuildFile; fileRef = FE44BEF71C71B85700EDBF27 /* smiling36.png */; };
		FED072C51C72135E00DFAD60 /* SettingsViewController.swift in Sources */ = {isa = PBXBuildFile; fileRef = FED072C41C72135E00DFAD60 /* SettingsViewController.swift */; };
/* End PBXBuildFile section */

/* Begin PBXFileReference section */
		FE44BEE01C71B69000EDBF27 /* superTip.app */ = {isa = PBXFileReference; explicitFileType = wrapper.application; includeInIndex = 0; path = superTip.app; sourceTree = BUILT_PRODUCTS_DIR; };
		FE44BEE31C71B69000EDBF27 /* AppDelegate.swift */ = {isa = PBXFileReference; lastKnownFileType = sourcecode.swift; path = AppDelegate.swift; sourceTree = "<group>"; };
		FE44BEE51C71B69000EDBF27 /* ViewController.swift */ = {isa = PBXFileReference; lastKnownFileType = sourcecode.swift; path = ViewController.swift; sourceTree = "<group>"; };
		FE44BEE81C71B69000EDBF27 /* Base */ = {isa = PBXFileReference; lastKnownFileType = file.storyboard; name = Base; path = Base.lproj/Main.storyboard; sourceTree = "<group>"; };
		FE44BEEA1C71B69000EDBF27 /* Assets.xcassets */ = {isa = PBXFileReference; lastKnownFileType = folder.assetcatalog; path = Assets.xcassets; sourceTree = "<group>"; };
		FE44BEED1C71B69000EDBF27 /* Base */ = {isa = PBXFileReference; lastKnownFileType = file.storyboard; name = Base; path = Base.lproj/LaunchScreen.storyboard; sourceTree = "<group>"; };
		FE44BEEF1C71B69000EDBF27 /* Info.plist */ = {isa = PBXFileReference; lastKnownFileType = text.plist.xml; path = Info.plist; sourceTree = "<group>"; };
		FE44BEF51C71B85700EDBF27 /* emoticon85.png */ = {isa = PBXFileReference; lastKnownFileType = image.png; path = emoticon85.png; sourceTree = "<group>"; };
		FE44BEF61C71B85700EDBF27 /* sad39.png */ = {isa = PBXFileReference; lastKnownFileType = image.png; path = sad39.png; sourceTree = "<group>"; };
		FE44BEF71C71B85700EDBF27 /* smiling36.png */ = {isa = PBXFileReference; lastKnownFileType = image.png; path = smiling36.png; sourceTree = "<group>"; };
		FED072C41C72135E00DFAD60 /* SettingsViewController.swift */ = {isa = PBXFileReference; fileEncoding = 4; lastKnownFileType = sourcecode.swift; path = SettingsViewController.swift; sourceTree = "<group>"; };
/* End PBXFileReference section */

/* Begin PBXFrameworksBuildPhase section */
		FE44BEDD1C71B69000EDBF27 /* Frameworks */ = {
			isa = PBXFrameworksBuildPhase;
			buildActionMask = 2147483647;
			files = (
			);
			runOnlyForDeploymentPostprocessing = 0;
		};
/* End PBXFrameworksBuildPhase section */

/* Begin PBXGroup section */
		FE44BED71C71B69000EDBF27 = {
			isa = PBXGroup;
			children = (
				FE44BEE21C71B69000EDBF27 /* superTip */,
				FE44BEE11C71B69000EDBF27 /* Products */,
			);
			sourceTree = "<group>";
		};
		FE44BEE11C71B69000EDBF27 /* Products */ = {
			isa = PBXGroup;
			children = (
				FE44BEE01C71B69000EDBF27 /* superTip.app */,
			);
			name = Products;
			sourceTree = "<group>";
		};
		FE44BEE21C71B69000EDBF27 /* superTip */ = {
			isa = PBXGroup;
			children = (
				FE44BEE31C71B69000EDBF27 /* AppDelegate.swift */,
				FE44BEE51C71B69000EDBF27 /* ViewController.swift */,
				FE44BEE71C71B69000EDBF27 /* Main.storyboard */,
				FED072C41C72135E00DFAD60 /* SettingsViewController.swift */,
				FE44BEF51C71B85700EDBF27 /* emoticon85.png */,
				FE44BEF61C71B85700EDBF27 /* sad39.png */,
				FE44BEF71C71B85700EDBF27 /* smiling36.png */,
				FE44BEEA1C71B69000EDBF27 /* Assets.xcassets */,
				FE44BEEC1C71B69000EDBF27 /* LaunchScreen.storyboard */,
				FE44BEEF1C71B69000EDBF27 /* Info.plist */,
			);
			path = superTip;
			sourceTree = "<group>";
		};
/* End PBXGroup section */

/* Begin PBXNativeTarget section */
		FE44BEDF1C71B69000EDBF27 /* superTip */ = {
			isa = PBXNativeTarget;
			buildConfigurationList = FE44BEF21C71B69000EDBF27 /* Build configuration list for PBXNativeTarget "superTip" */;
			buildPhases = (
				FE44BEDC1C71B69000EDBF27 /* Sources */,
				FE44BEDD1C71B69000EDBF27 /* Frameworks */,
				FE44BEDE1C71B69000EDBF27 /* Resources */,
			);
			buildRules = (
			);
			dependencies = (
			);
			name = superTip;
			productName = superTip;
			productReference = FE44BEE01C71B69000EDBF27 /* superTip.app */;
			productType = "com.apple.product-type.application";
		};
/* End PBXNativeTarget section */

/* Begin PBXProject section */
		FE44BED81C71B69000EDBF27 /* Project object */ = {
			isa = PBXProject;
			attributes = {
				LastSwiftUpdateCheck = 0720;
				LastUpgradeCheck = 0720;
				ORGANIZATIONNAME = "victor aguirre";
				TargetAttributes = {
					FE44BEDF1C71B69000EDBF27 = {
						CreatedOnToolsVersion = 7.2.1;
						DevelopmentTeam = EC54Z3QUUM;
					};
				};
			};
			buildConfigurationList = FE44BEDB1C71B69000EDBF27 /* Build configuration list for PBXProject "superTip" */;
			compatibilityVersion = "Xcode 3.2";
			developmentRegion = English;
			hasScannedForEncodings = 0;
			knownRegions = (
				en,
				Base,
			);
			mainGroup = FE44BED71C71B69000EDBF27;
			productRefGroup = FE44BEE11C71B69000EDBF27 /* Products */;
			projectDirPath = "";
			projectRoot = "";
			targets = (
				FE44BEDF1C71B69000EDBF27 /* superTip */,
			);
		};
/* End PBXProject section */

/* Begin PBXResourcesBuildPhase section */
		FE44BEDE1C71B69000EDBF27 /* Resources */ = {
			isa = PBXResourcesBuildPhase;
			buildActionMask = 2147483647;
			files = (
				FE44BEFA1C71B85700EDBF27 /* smiling36.png in Resources */,
				FE44BEF81C71B85700EDBF27 /* emoticon85.png in Resources */,
				FE44BEF91C71B85700EDBF27 /* sad39.png in Resources */,
				FE44BEEE1C71B69000EDBF27 /* LaunchScreen.storyboard in Resources */,
				FE44BEEB1C71B69000EDBF27 /* Assets.xcassets in Resources */,
				FE44BEE91C71B69000EDBF27 /* Main.storyboard in Resources */,
			);
			runOnlyForDeploymentPostprocessing = 0;
		};
/* End PBXResourcesBuildPhase section */

/* Begin PBXSourcesBuildPhase section */
		FE44BEDC1C71B69000EDBF27 /* Sources */ = {
			isa = PBXSourcesBuildPhase;
			buildActionMask = 2147483647;
			files = (
				FE44BEE61C71B69000EDBF27 /* ViewController.swift in Sources */,
				FE44BEE41C71B69000EDBF27 /* AppDelegate.swift in Sources */,
				FED072C51C72135E00DFAD60 /* SettingsViewController.swift in Sources */,
			);
			runOnlyForDeploymentPostprocessing = 0;
		};
/* End PBXSourcesBuildPhase section */

/* Begin PBXVariantGroup section */
		FE44BEE71C71B69000EDBF27 /* Main.storyboard */ = {
			isa = PBXVariantGroup;
			children = (
				FE44BEE81C71B69000EDBF27 /* Base */,
			);
			name = Main.storyboard;
			sourceTree = "<group>";
		};
		FE44BEEC1C71B69000EDBF27 /* LaunchScreen.storyboard */ = {
			isa = PBXVariantGroup;
			children = (
				FE44BEED1C71B69000EDBF27 /* Base */,
			);
			name = LaunchScreen.storyboard;
			sourceTree = "<group>";
		};
/* End PBXVariantGroup section */

/* Begin XCBuildConfiguration section */
		FE44BEF01C71B69000EDBF27 /* Debug */ = {
			isa = XCBuildConfiguration;
			buildSettings = {
				ALWAYS_SEARCH_USER_PATHS = NO;
				CLANG_CXX_LANGUAGE_STANDARD = "gnu++0x";
				CLANG_CXX_LIBRARY = "libc++";
				CLANG_ENABLE_MODULES = YES;
				CLANG_ENABLE_OBJC_ARC = YES;
				CLANG_WARN_BOOL_CONVERSION = YES;
				CLANG_WARN_CONSTANT_CONVERSION = YES;
				CLANG_WARN_DIRECT_OBJC_ISA_USAGE = YES_ERROR;
				CLANG_WARN_EMPTY_BODY = YES;
				CLANG_WARN_ENUM_CONVERSION = YES;
				CLANG_WARN_INT_CONVERSION = YES;
				CLANG_WARN_OBJC_ROOT_CLASS = YES_ERROR;
				CLANG_WARN_UNREACHABLE_CODE = YES;
				CLANG_WARN__DUPLICATE_METHOD_MATCH = YES;
				"CODE_SIGN_IDENTITY[sdk=iphoneos*]" = "iPhone Developer";
				COPY_PHASE_STRIP = NO;
				DEBUG_INFORMATION_FORMAT = dwarf;
				ENABLE_STRICT_OBJC_MSGSEND = YES;
				ENABLE_TESTABILITY = YES;
				GCC_C_LANGUAGE_STANDARD = gnu99;
				GCC_DYNAMIC_NO_PIC = NO;
				GCC_NO_COMMON_BLOCKS = YES;
				GCC_OPTIMIZATION_LEVEL = 0;
				GCC_PREPROCESSOR_DEFINITIONS = (
					"DEBUG=1",
					"$(inherited)",
				);
				GCC_WARN_64_TO_32_BIT_CONVERSION = YES;
				GCC_WARN_ABOUT_RETURN_TYPE = YES_ERROR;
				GCC_WARN_UNDECLARED_SELECTOR = YES;
				GCC_WARN_UNINITIALIZED_AUTOS = YES_AGGRESSIVE;
				GCC_WARN_UNUSED_FUNCTION = YES;
				GCC_WARN_UNUSED_VARIABLE = YES;
				IPHONEOS_DEPLOYMENT_TARGET = 9.2;
				MTL_ENABLE_DEBUG_INFO = YES;
				ONLY_ACTIVE_ARCH = YES;
				SDKROOT = iphoneos;
				SWIFT_OPTIMIZATION_LEVEL = "-Onone";
			};
			name = Debug;
		};
		FE44BEF11C71B69000EDBF27 /* Release */ = {
			isa = XCBuildConfiguration;
			buildSettings = {
				ALWAYS_SEARCH_USER_PATHS = NO;
				CLANG_CXX_LANGUAGE_STANDARD = "gnu++0x";
				CLANG_CXX_LIBRARY = "libc++";
				CLANG_ENABLE_MODULES = YES;
				CLANG_ENABLE_OBJC_ARC = YES;
				CLANG_WARN_BOOL_CONVERSION = YES;
				CLANG_WARN_CONSTANT_CONVERSION = YES;
				CLANG_WARN_DIRECT_OBJC_ISA_USAGE = YES_ERROR;
				CLANG_WARN_EMPTY_BODY = YES;
				CLANG_WARN_ENUM_CONVERSION = YES;
				CLANG_WARN_INT_CONVERSION = YES;
				CLANG_WARN_OBJC_ROOT_CLASS = YES_ERROR;
				CLANG_WARN_UNREACHABLE_CODE = YES;
				CLANG_WARN__DUPLICATE_METHOD_MATCH = YES;
				"CODE_SIGN_IDENTITY[sdk=iphoneos*]" = "iPhone Developer";
				COPY_PHASE_STRIP = NO;
				DEBUG_INFORMATION_FORMAT = "dwarf-with-dsym";
				ENABLE_NS_ASSERTIONS = NO;
				ENABLE_STRICT_OBJC_MSGSEND = YES;
				GCC_C_LANGUAGE_STANDARD = gnu99;
				GCC_NO_COMMON_BLOCKS = YES;
				GCC_WARN_64_TO_32_BIT_CONVERSION = YES;
				GCC_WARN_ABOUT_RETURN_TYPE = YES_ERROR;
				GCC_WARN_UNDECLARED_SELECTOR = YES;
				GCC_WARN_UNINITIALIZED_AUTOS = YES_AGGRESSIVE;
				GCC_WARN_UNUSED_FUNCTION = YES;
				GCC_WARN_UNUSED_VARIABLE = YES;
				IPHONEOS_DEPLOYMENT_TARGET = 9.2;
				MTL_ENABLE_DEBUG_INFO = NO;
				SDKROOT = iphoneos;
				VALIDATE_PRODUCT = YES;
			};
			name = Release;
		};
		FE44BEF31C71B69000EDBF27 /* Debug */ = {
			isa = XCBuildConfiguration;
			buildSettings = {
				ASSETCATALOG_COMPILER_APPICON_NAME = AppIcon;
				CODE_SIGN_IDENTITY = "iPhone Developer";
				INFOPLIST_FILE = superTip/Info.plist;
				LD_RUNPATH_SEARCH_PATHS = "$(inherited) @executable_path/Frameworks";
				PRODUCT_BUNDLE_IDENTIFIER = com.victor.superTip;
				PRODUCT_NAME = "$(TARGET_NAME)";
			};
			name = Debug;
		};
		FE44BEF41C71B69000EDBF27 /* Release */ = {
			isa = XCBuildConfiguration;
			buildSettings = {
				ASSETCATALOG_COMPILER_APPICON_NAME = AppIcon;
				CODE_SIGN_IDENTITY = "iPhone Developer";
				INFOPLIST_FILE = superTip/Info.plist;
				LD_RUNPATH_SEARCH_PATHS = "$(inherited) @executable_path/Frameworks";
				PRODUCT_BUNDLE_IDENTIFIER = com.victor.superTip;
				PRODUCT_NAME = "$(TARGET_NAME)";
			};
			name = Release;
		};
/* End XCBuildConfiguration section */

/* Begin XCConfigurationList section */
		FE44BEDB1C71B69000EDBF27 /* Build configuration list for PBXProject "superTip" */ = {
			isa = XCConfigurationList;
			buildConfigurations = (
				FE44BEF01C71B69000EDBF27 /* Debug */,
				FE44BEF11C71B69000EDBF27 /* Release */,
			);
			defaultConfigurationIsVisible = 0;
			defaultConfigurationName = Release;
		};
		FE44BEF21C71B69000EDBF27 /* Build configuration list for PBXNativeTarget "superTip" */ = {
			isa = XCConfigurationList;
			buildConfigurations = (
				FE44BEF31C71B69000EDBF27 /* Debug */,
				FE44BEF41C71B69000EDBF27 /* Release */,
			);
			defaultConfigurationIsVisible = 0;
			defaultConfigurationName = Release;
		};
/* End XCConfigurationList section */
	};
	rootObject = FE44BED81C71B69000EDBF27 /* Project object */;
}
